// !$*UTF8*$!
{
	archiveVersion = 1;
	classes = {
	};
	objectVersion = 46;
	objects = {

/* Begin PBXBuildFile section */
		4CDDB7F31DB15B880013427F /* AppDelegate.swift in Sources */ = {isa = PBXBuildFile; fileRef = 4CDDB7F21DB15B880013427F /* AppDelegate.swift */; };
		4CDDB7F51DB15B880013427F /* ViewController.swift in Sources */ = {isa = PBXBuildFile; fileRef = 4CDDB7F41DB15B880013427F /* ViewController.swift */; };
		4CDDB7F81DB15B880013427F /* Main.storyboard in Resources */ = {isa = PBXBuildFile; fileRef = 4CDDB7F61DB15B880013427F /* Main.storyboard */; };
		4CDDB7FA1DB15B880013427F /* Assets.xcassets in Resources */ = {isa = PBXBuildFile; fileRef = 4CDDB7F91DB15B880013427F /* Assets.xcassets */; };
		4CDDB7FD1DB15B880013427F /* LaunchScreen.storyboard in Resources */ = {isa = PBXBuildFile; fileRef = 4CDDB7FB1DB15B880013427F /* LaunchScreen.storyboard */; };
		4CDDB8081DB15B880013427F /* pruebagithubTests.swift in Sources */ = {isa = PBXBuildFile; fileRef = 4CDDB8071DB15B880013427F /* pruebagithubTests.swift */; };
		4CDDB8131DB15B880013427F /* pruebagithubUITests.swift in Sources */ = {isa = PBXBuildFile; fileRef = 4CDDB8121DB15B880013427F /* pruebagithubUITests.swift */; };
/* End PBXBuildFile section */

/* Begin PBXContainerItemProxy section */
		4CDDB8041DB15B880013427F /* PBXContainerItemProxy */ = {
			isa = PBXContainerItemProxy;
			containerPortal = 4CDDB7E71DB15B880013427F /* Project object */;
			proxyType = 1;
			remoteGlobalIDString = 4CDDB7EE1DB15B880013427F;
			remoteInfo = pruebagithub;
		};
		4CDDB80F1DB15B880013427F /* PBXContainerItemProxy */ = {
			isa = PBXContainerItemProxy;
			containerPortal = 4CDDB7E71DB15B880013427F /* Project object */;
			proxyType = 1;
			remoteGlobalIDString = 4CDDB7EE1DB15B880013427F;
			remoteInfo = pruebagithub;
		};
/* End PBXContainerItemProxy section */

/* Begin PBXFileReference section */
		4CDDB7EF1DB15B880013427F /* pruebagithub.app */ = {isa = PBXFileReference; explicitFileType = wrapper.application; includeInIndex = 0; path = pruebagithub.app; sourceTree = BUILT_PRODUCTS_DIR; };
		4CDDB7F21DB15B880013427F /* AppDelegate.swift */ = {isa = PBXFileReference; lastKnownFileType = sourcecode.swift; path = AppDelegate.swift; sourceTree = "<group>"; };
		4CDDB7F41DB15B880013427F /* ViewController.swift */ = {isa = PBXFileReference; lastKnownFileType = sourcecode.swift; path = ViewController.swift; sourceTree = "<group>"; };
		4CDDB7F71DB15B880013427F /* Base */ = {isa = PBXFileReference; lastKnownFileType = file.storyboard; name = Base; path = Base.lproj/Main.storyboard; sourceTree = "<group>"; };
		4CDDB7F91DB15B880013427F /* Assets.xcassets */ = {isa = PBXFileReference; lastKnownFileType = folder.assetcatalog; path = Assets.xcassets; sourceTree = "<group>"; };
		4CDDB7FC1DB15B880013427F /* Base */ = {isa = PBXFileReference; lastKnownFileType = file.storyboard; name = Base; path = Base.lproj/LaunchScreen.storyboard; sourceTree = "<group>"; };
		4CDDB7FE1DB15B880013427F /* Info.plist */ = {isa = PBXFileReference; lastKnownFileType = text.plist.xml; path = Info.plist; sourceTree = "<group>"; };
		4CDDB8031DB15B880013427F /* pruebagithubTests.xctest */ = {isa = PBXFileReference; explicitFileType = wrapper.cfbundle; includeInIndex = 0; path = pruebagithubTests.xctest; sourceTree = BUILT_PRODUCTS_DIR; };
		4CDDB8071DB15B880013427F /* pruebagithubTests.swift */ = {isa = PBXFileReference; lastKnownFileType = sourcecode.swift; path = pruebagithubTests.swift; sourceTree = "<group>"; };
		4CDDB8091DB15B880013427F /* Info.plist */ = {isa = PBXFileReference; lastKnownFileType = text.plist.xml; path = Info.plist; sourceTree = "<group>"; };
		4CDDB80E1DB15B880013427F /* pruebagithubUITests.xctest */ = {isa = PBXFileReference; explicitFileType = wrapper.cfbundle; includeInIndex = 0; path = pruebagithubUITests.xctest; sourceTree = BUILT_PRODUCTS_DIR; };
		4CDDB8121DB15B880013427F /* pruebagithubUITests.swift */ = {isa = PBXFileReference; lastKnownFileType = sourcecode.swift; path = pruebagithubUITests.swift; sourceTree = "<group>"; };
		4CDDB8141DB15B880013427F /* Info.plist */ = {isa = PBXFileReference; lastKnownFileType = text.plist.xml; path = Info.plist; sourceTree = "<group>"; };
/* End PBXFileReference section */

/* Begin PBXFrameworksBuildPhase section */
		4CDDB7EC1DB15B880013427F /* Frameworks */ = {
			isa = PBXFrameworksBuildPhase;
			buildActionMask = 2147483647;
			files = (
			);
			runOnlyForDeploymentPostprocessing = 0;
		};
		4CDDB8001DB15B880013427F /* Frameworks */ = {
			isa = PBXFrameworksBuildPhase;
			buildActionMask = 2147483647;
			files = (
			);
			runOnlyForDeploymentPostprocessing = 0;
		};
		4CDDB80B1DB15B880013427F /* Frameworks */ = {
			isa = PBXFrameworksBuildPhase;
			buildActionMask = 2147483647;
			files = (
			);
			runOnlyForDeploymentPostprocessing = 0;
		};
/* End PBXFrameworksBuildPhase section */

/* Begin PBXGroup section */
		4CDDB7E61DB15B880013427F = {
			isa = PBXGroup;
			children = (
				4CDDB7F11DB15B880013427F /* pruebagithub */,
				4CDDB8061DB15B880013427F /* pruebagithubTests */,
				4CDDB8111DB15B880013427F /* pruebagithubUITests */,
				4CDDB7F01DB15B880013427F /* Products */,
			);
			sourceTree = "<group>";
		};
		4CDDB7F01DB15B880013427F /* Products */ = {
			isa = PBXGroup;
			children = (
				4CDDB7EF1DB15B880013427F /* pruebagithub.app */,
				4CDDB8031DB15B880013427F /* pruebagithubTests.xctest */,
				4CDDB80E1DB15B880013427F /* pruebagithubUITests.xctest */,
			);
			name = Products;
			sourceTree = "<group>";
		};
		4CDDB7F11DB15B880013427F /* pruebagithub */ = {
			isa = PBXGroup;
			children = (
				4CDDB7F21DB15B880013427F /* AppDelegate.swift */,
				4CDDB7F41DB15B880013427F /* ViewController.swift */,
				4CDDB7F61DB15B880013427F /* Main.storyboard */,
				4CDDB7F91DB15B880013427F /* Assets.xcassets */,
				4CDDB7FB1DB15B880013427F /* LaunchScreen.storyboard */,
				4CDDB7FE1DB15B880013427F /* Info.plist */,
			);
			path = pruebagithub;
			sourceTree = "<group>";
		};
		4CDDB8061DB15B880013427F /* pruebagithubTests */ = {
			isa = PBXGroup;
			children = (
				4CDDB8071DB15B880013427F /* pruebagithubTests.swift */,
				4CDDB8091DB15B880013427F /* Info.plist */,
			);
			path = pruebagithubTests;
			sourceTree = "<group>";
		};
		4CDDB8111DB15B880013427F /* pruebagithubUITests */ = {
			isa = PBXGroup;
			children = (
				4CDDB8121DB15B880013427F /* pruebagithubUITests.swift */,
				4CDDB8141DB15B880013427F /* Info.plist */,
			);
			path = pruebagithubUITests;
			sourceTree = "<group>";
		};
/* End PBXGroup section */

/* Begin PBXNativeTarget section */
		4CDDB7EE1DB15B880013427F /* pruebagithub */ = {
			isa = PBXNativeTarget;
			buildConfigurationList = 4CDDB8171DB15B880013427F /* Build configuration list for PBXNativeTarget "pruebagithub" */;
			buildPhases = (
				4CDDB7EB1DB15B880013427F /* Sources */,
				4CDDB7EC1DB15B880013427F /* Frameworks */,
				4CDDB7ED1DB15B880013427F /* Resources */,
			);
			buildRules = (
			);
			dependencies = (
			);
			name = pruebagithub;
			productName = pruebagithub;
			productReference = 4CDDB7EF1DB15B880013427F /* pruebagithub.app */;
			productType = "com.apple.product-type.application";
		};
		4CDDB8021DB15B880013427F /* pruebagithubTests */ = {
			isa = PBXNativeTarget;
			buildConfigurationList = 4CDDB81A1DB15B880013427F /* Build configuration list for PBXNativeTarget "pruebagithubTests" */;
			buildPhases = (
				4CDDB7FF1DB15B880013427F /* Sources */,
				4CDDB8001DB15B880013427F /* Frameworks */,
				4CDDB8011DB15B880013427F /* Resources */,
			);
			buildRules = (
			);
			dependencies = (
				4CDDB8051DB15B880013427F /* PBXTargetDependency */,
			);
			name = pruebagithubTests;
			productName = pruebagithubTests;
			productReference = 4CDDB8031DB15B880013427F /* pruebagithubTests.xctest */;
			productType = "com.apple.product-type.bundle.unit-test";
		};
		4CDDB80D1DB15B880013427F /* pruebagithubUITests */ = {
			isa = PBXNativeTarget;
			buildConfigurationList = 4CDDB81D1DB15B880013427F /* Build configuration list for PBXNativeTarget "pruebagithubUITests" */;
			buildPhases = (
				4CDDB80A1DB15B880013427F /* Sources */,
				4CDDB80B1DB15B880013427F /* Frameworks */,
				4CDDB80C1DB15B880013427F /* Resources */,
			);
			buildRules = (
			);
			dependencies = (
				4CDDB8101DB15B880013427F /* PBXTargetDependency */,
			);
			name = pruebagithubUITests;
			productName = pruebagithubUITests;
			productReference = 4CDDB80E1DB15B880013427F /* pruebagithubUITests.xctest */;
			productType = "com.apple.product-type.bundle.ui-testing";
		};
/* End PBXNativeTarget section */

/* Begin PBXProject section */
		4CDDB7E71DB15B880013427F /* Project object */ = {
			isa = PBXProject;
			attributes = {
				LastSwiftUpdateCheck = 0730;
				LastUpgradeCheck = 0730;
				ORGANIZATIONNAME = jlzg;
				TargetAttributes = {
					4CDDB7EE1DB15B880013427F = {
						CreatedOnToolsVersion = 7.3.1;
					};
					4CDDB8021DB15B880013427F = {
						CreatedOnToolsVersion = 7.3.1;
						TestTargetID = 4CDDB7EE1DB15B880013427F;
					};
					4CDDB80D1DB15B880013427F = {
						CreatedOnToolsVersion = 7.3.1;
						TestTargetID = 4CDDB7EE1DB15B880013427F;
					};
				};
			};
			buildConfigurationList = 4CDDB7EA1DB15B880013427F /* Build configuration list for PBXProject "pruebagithub" */;
			compatibilityVersion = "Xcode 3.2";
			developmentRegion = English;
			hasScannedForEncodings = 0;
			knownRegions = (
				en,
				Base,
			);
			mainGroup = 4CDDB7E61DB15B880013427F;
			productRefGroup = 4CDDB7F01DB15B880013427F /* Products */;
			projectDirPath = "";
			projectRoot = "";
			targets = (
				4CDDB7EE1DB15B880013427F /* pruebagithub */,
				4CDDB8021DB15B880013427F /* pruebagithubTests */,
				4CDDB80D1DB15B880013427F /* pruebagithubUITests */,
			);
		};
/* End PBXProject section */

/* Begin PBXResourcesBuildPhase section */
		4CDDB7ED1DB15B880013427F /* Resources */ = {
			isa = PBXResourcesBuildPhase;
			buildActionMask = 2147483647;
			files = (
				4CDDB7FD1DB15B880013427F /* LaunchScreen.storyboard in Resources */,
				4CDDB7FA1DB15B880013427F /* Assets.xcassets in Resources */,
				4CDDB7F81DB15B880013427F /* Main.storyboard in Resources */,
			);
			runOnlyForDeploymentPostprocessing = 0;
		};
		4CDDB8011DB15B880013427F /* Resources */ = {
			isa = PBXResourcesBuildPhase;
			buildActionMask = 2147483647;
			files = (
			);
			runOnlyForDeploymentPostprocessing = 0;
		};
		4CDDB80C1DB15B880013427F /* Resources */ = {
			isa = PBXResourcesBuildPhase;
			buildActionMask = 2147483647;
			files = (
			);
			runOnlyForDeploymentPostprocessing = 0;
		};
/* End PBXResourcesBuildPhase section */

/* Begin PBXSourcesBuildPhase section */
		4CDDB7EB1DB15B880013427F /* Sources */ = {
			isa = PBXSourcesBuildPhase;
			buildActionMask = 2147483647;
			files = (
				4CDDB7F51DB15B880013427F /* ViewController.swift in Sources */,
				4CDDB7F31DB15B880013427F /* AppDelegate.swift in Sources */,
			);
			runOnlyForDeploymentPostprocessing = 0;
		};
		4CDDB7FF1DB15B880013427F /* Sources */ = {
			isa = PBXSourcesBuildPhase;
			buildActionMask = 2147483647;
			files = (
				4CDDB8081DB15B880013427F /* pruebagithubTests.swift in Sources */,
			);
			runOnlyForDeploymentPostprocessing = 0;
		};
		4CDDB80A1DB15B880013427F /* Sources */ = {
			isa = PBXSourcesBuildPhase;
			buildActionMask = 2147483647;
			files = (
				4CDDB8131DB15B880013427F /* pruebagithubUITests.swift in Sources */,
			);
			runOnlyForDeploymentPostprocessing = 0;
		};
/* End PBXSourcesBuildPhase section */

/* Begin PBXTargetDependency section */
		4CDDB8051DB15B880013427F /* PBXTargetDependency */ = {
			isa = PBXTargetDependency;
			target = 4CDDB7EE1DB15B880013427F /* pruebagithub */;
			targetProxy = 4CDDB8041DB15B880013427F /* PBXContainerItemProxy */;
		};
		4CDDB8101DB15B880013427F /* PBXTargetDependency */ = {
			isa = PBXTargetDependency;
			target = 4CDDB7EE1DB15B880013427F /* pruebagithub */;
			targetProxy = 4CDDB80F1DB15B880013427F /* PBXContainerItemProxy */;
		};
/* End PBXTargetDependency section */

/* Begin PBXVariantGroup section */
		4CDDB7F61DB15B880013427F /* Main.storyboard */ = {
			isa = PBXVariantGroup;
			children = (
				4CDDB7F71DB15B880013427F /* Base */,
			);
			name = Main.storyboard;
			sourceTree = "<group>";
		};
		4CDDB7FB1DB15B880013427F /* LaunchScreen.storyboard */ = {
			isa = PBXVariantGroup;
			children = (
				4CDDB7FC1DB15B880013427F /* Base */,
			);
			name = LaunchScreen.storyboard;
			sourceTree = "<group>";
		};
/* End PBXVariantGroup section */

/* Begin XCBuildConfiguration section */
		4CDDB8151DB15B880013427F /* Debug */ = {
			isa = XCBuildConfiguration;
			buildSettings = {
				ALWAYS_SEARCH_USER_PATHS = NO;
				CLANG_ANALYZER_NONNULL = YES;
				CLANG_CXX_LANGUAGE_STANDARD = "gnu++0x";
				CLANG_CXX_LIBRARY = "libc++";
				CLANG_ENABLE_MODULES = YES;
				CLANG_ENABLE_OBJC_ARC = YES;
				CLANG_WARN_BOOL_CONVERSION = YES;
				CLANG_WARN_CONSTANT_CONVERSION = YES;
				CLANG_WARN_DIRECT_OBJC_ISA_USAGE = YES_ERROR;
				CLANG_WARN_EMPTY_BODY = YES;
				CLANG_WARN_ENUM_CONVERSION = YES;
				CLANG_WARN_INT_CONVERSION = YES;
				CLANG_WARN_OBJC_ROOT_CLASS = YES_ERROR;
				CLANG_WARN_UNREACHABLE_CODE = YES;
				CLANG_WARN__DUPLICATE_METHOD_MATCH = YES;
				"CODE_SIGN_IDENTITY[sdk=iphoneos*]" = "iPhone Developer";
				COPY_PHASE_STRIP = NO;
				DEBUG_INFORMATION_FORMAT = dwarf;
				ENABLE_STRICT_OBJC_MSGSEND = YES;
				ENABLE_TESTABILITY = YES;
				GCC_C_LANGUAGE_STANDARD = gnu99;
				GCC_DYNAMIC_NO_PIC = NO;
				GCC_NO_COMMON_BLOCKS = YES;
				GCC_OPTIMIZATION_LEVEL = 0;
				GCC_PREPROCESSOR_DEFINITIONS = (
					"DEBUG=1",
					"$(inherited)",
				);
				GCC_WARN_64_TO_32_BIT_CONVERSION = YES;
				GCC_WARN_ABOUT_RETURN_TYPE = YES_ERROR;
				GCC_WARN_UNDECLARED_SELECTOR = YES;
				GCC_WARN_UNINITIALIZED_AUTOS = YES_AGGRESSIVE;
				GCC_WARN_UNUSED_FUNCTION = YES;
				GCC_WARN_UNUSED_VARIABLE = YES;
				IPHONEOS_DEPLOYMENT_TARGET = 9.3;
				MTL_ENABLE_DEBUG_INFO = YES;
				ONLY_ACTIVE_ARCH = YES;
				SDKROOT = iphoneos;
				SWIFT_OPTIMIZATION_LEVEL = "-Onone";
			};
			name = Debug;
		};
		4CDDB8161DB15B880013427F /* Release */ = {
			isa = XCBuildConfiguration;
			buildSettings = {
				ALWAYS_SEARCH_USER_PATHS = NO;
				CLANG_ANALYZER_NONNULL = YES;
				CLANG_CXX_LANGUAGE_STANDARD = "gnu++0x";
				CLANG_CXX_LIBRARY = "libc++";
				CLANG_ENABLE_MODULES = YES;
				CLANG_ENABLE_OBJC_ARC = YES;
				CLANG_WARN_BOOL_CONVERSION = YES;
				CLANG_WARN_CONSTANT_CONVERSION = YES;
				CLANG_WARN_DIRECT_OBJC_ISA_USAGE = YES_ERROR;
				CLANG_WARN_EMPTY_BODY = YES;
				CLANG_WARN_ENUM_CONVERSION = YES;
				CLANG_WARN_INT_CONVERSION = YES;
				CLANG_WARN_OBJC_ROOT_CLASS = YES_ERROR;
				CLANG_WARN_UNREACHABLE_CODE = YES;
				CLANG_WARN__DUPLICATE_METHOD_MATCH = YES;
				"CODE_SIGN_IDENTITY[sdk=iphoneos*]" = "iPhone Developer";
				COPY_PHASE_STRIP = NO;
				DEBUG_INFORMATION_FORMAT = "dwarf-with-dsym";
				ENABLE_NS_ASSERTIONS = NO;
				ENABLE_STRICT_OBJC_MSGSEND = YES;
				GCC_C_LANGUAGE_STANDARD = gnu99;
				GCC_NO_COMMON_BLOCKS = YES;
				GCC_WARN_64_TO_32_BIT_CONVERSION = YES;
				GCC_WARN_ABOUT_RETURN_TYPE = YES_ERROR;
				GCC_WARN_UNDECLARED_SELECTOR = YES;
				GCC_WARN_UNINITIALIZED_AUTOS = YES_AGGRESSIVE;
				GCC_WARN_UNUSED_FUNCTION = YES;
				GCC_WARN_UNUSED_VARIABLE = YES;
				IPHONEOS_DEPLOYMENT_TARGET = 9.3;
				MTL_ENABLE_DEBUG_INFO = NO;
				SDKROOT = iphoneos;
				VALIDATE_PRODUCT = YES;
			};
			name = Release;
		};
		4CDDB8181DB15B880013427F /* Debug */ = {
			isa = XCBuildConfiguration;
			buildSettings = {
				ASSETCATALOG_COMPILER_APPICON_NAME = AppIcon;
				INFOPLIST_FILE = pruebagithub/Info.plist;
				LD_RUNPATH_SEARCH_PATHS = "$(inherited) @executable_path/Frameworks";
				PRODUCT_BUNDLE_IDENTIFIER = mx.pruebagithub;
				PRODUCT_NAME = "$(TARGET_NAME)";
			};
			name = Debug;
		};
		4CDDB8191DB15B880013427F /* Release */ = {
			isa = XCBuildConfiguration;
			buildSettings = {
				ASSETCATALOG_COMPILER_APPICON_NAME = AppIcon;
				INFOPLIST_FILE = pruebagithub/Info.plist;
				LD_RUNPATH_SEARCH_PATHS = "$(inherited) @executable_path/Frameworks";
				PRODUCT_BUNDLE_IDENTIFIER = mx.pruebagithub;
				PRODUCT_NAME = "$(TARGET_NAME)";
			};
			name = Release;
		};
		4CDDB81B1DB15B880013427F /* Debug */ = {
			isa = XCBuildConfiguration;
			buildSettings = {
				BUNDLE_LOADER = "$(TEST_HOST)";
				INFOPLIST_FILE = pruebagithubTests/Info.plist;
				LD_RUNPATH_SEARCH_PATHS = "$(inherited) @executable_path/Frameworks @loader_path/Frameworks";
				PRODUCT_BUNDLE_IDENTIFIER = mx.pruebagithubTests;
				PRODUCT_NAME = "$(TARGET_NAME)";
				TEST_HOST = "$(BUILT_PRODUCTS_DIR)/pruebagithub.app/pruebagithub";
			};
			name = Debug;
		};
		4CDDB81C1DB15B880013427F /* Release */ = {
			isa = XCBuildConfiguration;
			buildSettings = {
				BUNDLE_LOADER = "$(TEST_HOST)";
				INFOPLIST_FILE = pruebagithubTests/Info.plist;
				LD_RUNPATH_SEARCH_PATHS = "$(inherited) @executable_path/Frameworks @loader_path/Frameworks";
				PRODUCT_BUNDLE_IDENTIFIER = mx.pruebagithubTests;
				PRODUCT_NAME = "$(TARGET_NAME)";
				TEST_HOST = "$(BUILT_PRODUCTS_DIR)/pruebagithub.app/pruebagithub";
			};
			name = Release;
		};
		4CDDB81E1DB15B880013427F /* Debug */ = {
			isa = XCBuildConfiguration;
			buildSettings = {
				INFOPLIST_FILE = pruebagithubUITests/Info.plist;
				LD_RUNPATH_SEARCH_PATHS = "$(inherited) @executable_path/Frameworks @loader_path/Frameworks";
				PRODUCT_BUNDLE_IDENTIFIER = mx.pruebagithubUITests;
				PRODUCT_NAME = "$(TARGET_NAME)";
				TEST_TARGET_NAME = pruebagithub;
			};
			name = Debug;
		};
		4CDDB81F1DB15B880013427F /* Release */ = {
			isa = XCBuildConfiguration;
			buildSettings = {
				INFOPLIST_FILE = pruebagithubUITests/Info.plist;
				LD_RUNPATH_SEARCH_PATHS = "$(inherited) @executable_path/Frameworks @loader_path/Frameworks";
				PRODUCT_BUNDLE_IDENTIFIER = mx.pruebagithubUITests;
				PRODUCT_NAME = "$(TARGET_NAME)";
				TEST_TARGET_NAME = pruebagithub;
			};
			name = Release;
		};
/* End XCBuildConfiguration section */

/* Begin XCConfigurationList section */
		4CDDB7EA1DB15B880013427F /* Build configuration list for PBXProject "pruebagithub" */ = {
			isa = XCConfigurationList;
			buildConfigurations = (
				4CDDB8151DB15B880013427F /* Debug */,
				4CDDB8161DB15B880013427F /* Release */,
			);
			defaultConfigurationIsVisible = 0;
			defaultConfigurationName = Release;
		};
		4CDDB8171DB15B880013427F /* Build configuration list for PBXNativeTarget "pruebagithub" */ = {
			isa = XCConfigurationList;
			buildConfigurations = (
				4CDDB8181DB15B880013427F /* Debug */,
				4CDDB8191DB15B880013427F /* Release */,
			);
			defaultConfigurationIsVisible = 0;
		};
		4CDDB81A1DB15B880013427F /* Build configuration list for PBXNativeTarget "pruebagithubTests" */ = {
			isa = XCConfigurationList;
			buildConfigurations = (
				4CDDB81B1DB15B880013427F /* Debug */,
				4CDDB81C1DB15B880013427F /* Release */,
			);
			defaultConfigurationIsVisible = 0;
		};
		4CDDB81D1DB15B880013427F /* Build configuration list for PBXNativeTarget "pruebagithubUITests" */ = {
			isa = XCConfigurationList;
			buildConfigurations = (
				4CDDB81E1DB15B880013427F /* Debug */,
				4CDDB81F1DB15B880013427F /* Release */,
			);
			defaultConfigurationIsVisible = 0;
		};
/* End XCConfigurationList section */
	};
	rootObject = 4CDDB7E71DB15B880013427F /* Project object */;
}
